
Microsoft Visual Studio Solution File, Format Version 12.00
# Visual Studio Version 17
VisualStudioVersion = 17.8.34330.188
MinimumVisualStudioVersion = 10.0.40219.1
Project("{FAE04EC0-301F-11D3-BF4B-00C04F79EFBC}") = "Fortnite Zzero Delay", "Fortnite Zzero Delay\Fortnite Zzero Delay.csproj", "{26283F4D-3269-432B-B467-169B361FC856}"
EndProject
Global
	GlobalSection(SolutionConfigurationPlatforms) = preSolution
		Debug|Any CPU = Debug|Any CPU
		Release|Any CPU = Release|Any CPU
	EndGlobalSection
	GlobalSection(ProjectConfigurationPlatforms) = postSolution
		{26283F4D-3269-432B-B467-169B361FC856}.Debug|Any CPU.ActiveCfg = Debug|Any CPU
		{26283F4D-3269-432B-B467-169B361FC856}.Debug|Any CPU.Build.0 = Debug|Any CPU
		{26283F4D-3269-432B-B467-169B361FC856}.Release|Any CPU.ActiveCfg = Release|Any CPU
		{26283F4D-3269-432B-B467-169B361FC856}.Release|Any CPU.Build.0 = Release|Any CPU
	EndGlobalSection
	GlobalSection(SolutionProperties) = preSolution
		HideSolutionNode = FALSE
	EndGlobalSection
	GlobalSection(ExtensibilityGlobals) = postSolution
		SolutionGuid = {7CE1B14E-F9A2-46A9-BAC8-B875C39638B0}
	EndGlobalSection
EndGlobal
