
Microsoft Visual Studio Solution File, Format Version 12.00
# Visual Studio Version 17
VisualStudioVersion = 17.8.34330.188
MinimumVisualStudioVersion = 10.0.40219.1
Project("{FAE04EC0-301F-11D3-BF4B-00C04F79EFBC}") = "ZZeroDelayFortnite", "ZZeroDelayFortnite\ZZeroDelayFortnite.csproj", "{B7230FEC-0D2A-4F03-BC6B-B1AC4B55C2D8}"
EndProject
Global
	GlobalSection(SolutionConfigurationPlatforms) = preSolution
		Debug|Any CPU = Debug|Any CPU
		Release|Any CPU = Release|Any CPU
	EndGlobalSection
	GlobalSection(ProjectConfigurationPlatforms) = postSolution
		{B7230FEC-0D2A-4F03-BC6B-B1AC4B55C2D8}.Debug|Any CPU.ActiveCfg = Debug|Any CPU
		{B7230FEC-0D2A-4F03-BC6B-B1AC4B55C2D8}.Debug|Any CPU.Build.0 = Debug|Any CPU
		{B7230FEC-0D2A-4F03-BC6B-B1AC4B55C2D8}.Release|Any CPU.ActiveCfg = Release|Any CPU
		{B7230FEC-0D2A-4F03-BC6B-B1AC4B55C2D8}.Release|Any CPU.Build.0 = Release|Any CPU
	EndGlobalSection
	GlobalSection(SolutionProperties) = preSolution
		HideSolutionNode = FALSE
	EndGlobalSection
	GlobalSection(ExtensibilityGlobals) = postSolution
		SolutionGuid = {0C5F2363-A38B-461B-8DE2-8DD09359CBBC}
	EndGlobalSection
EndGlobal
